
Microsoft Visual Studio Solution File, Format Version 12.00
# Visual Studio Version 17
VisualStudioVersion = 17.6.33829.357
MinimumVisualStudioVersion = 10.0.40219.1
Project("{9A19103F-16F7-4668-BE54-9A1E7A4F7556}") = "RPMS.Domain", "RPMS\RPMS.Domain.csproj", "{60B57073-E93D-4628-85E4-E1BAD72D648F}"
EndProject
Project("{FAE04EC0-301F-11D3-BF4B-00C04F79EFBC}") = "RPMS.api", "RPMS.api\RPMS.api.csproj", "{CCB60F38-EF54-4C42-AC1E-A0873A417688}"
EndProject
Project("{FAE04EC0-301F-11D3-BF4B-00C04F79EFBC}") = "RPMS.Application", "RPMS.Application\RPMS.Application.csproj", "{24ED47FF-166C-4962-901B-BD0DC6C5DA1F}"
EndProject
Project("{FAE04EC0-301F-11D3-BF4B-00C04F79EFBC}") = "RPMS.Infrastructure", "RPMS.Infrastructure\RPMS.Infrastructure.csproj", "{1EF9063C-8BF9-4C97-BDDA-D7BE792DF1BD}"
EndProject
Global
	GlobalSection(SolutionConfigurationPlatforms) = preSolution
		Debug|Any CPU = Debug|Any CPU
		Release|Any CPU = Release|Any CPU
	EndGlobalSection
	GlobalSection(ProjectConfigurationPlatforms) = postSolution
		{60B57073-E93D-4628-85E4-E1BAD72D648F}.Debug|Any CPU.ActiveCfg = Debug|Any CPU
		{60B57073-E93D-4628-85E4-E1BAD72D648F}.Debug|Any CPU.Build.0 = Debug|Any CPU
		{60B57073-E93D-4628-85E4-E1BAD72D648F}.Release|Any CPU.ActiveCfg = Release|Any CPU
		{60B57073-E93D-4628-85E4-E1BAD72D648F}.Release|Any CPU.Build.0 = Release|Any CPU
		{CCB60F38-EF54-4C42-AC1E-A0873A417688}.Debug|Any CPU.ActiveCfg = Debug|Any CPU
		{CCB60F38-EF54-4C42-AC1E-A0873A417688}.Debug|Any CPU.Build.0 = Debug|Any CPU
		{CCB60F38-EF54-4C42-AC1E-A0873A417688}.Release|Any CPU.ActiveCfg = Release|Any CPU
		{CCB60F38-EF54-4C42-AC1E-A0873A417688}.Release|Any CPU.Build.0 = Release|Any CPU
		{24ED47FF-166C-4962-901B-BD0DC6C5DA1F}.Debug|Any CPU.ActiveCfg = Debug|Any CPU
		{24ED47FF-166C-4962-901B-BD0DC6C5DA1F}.Debug|Any CPU.Build.0 = Debug|Any CPU
		{24ED47FF-166C-4962-901B-BD0DC6C5DA1F}.Release|Any CPU.ActiveCfg = Release|Any CPU
		{24ED47FF-166C-4962-901B-BD0DC6C5DA1F}.Release|Any CPU.Build.0 = Release|Any CPU
		{1EF9063C-8BF9-4C97-BDDA-D7BE792DF1BD}.Debug|Any CPU.ActiveCfg = Debug|Any CPU
		{1EF9063C-8BF9-4C97-BDDA-D7BE792DF1BD}.Debug|Any CPU.Build.0 = Debug|Any CPU
		{1EF9063C-8BF9-4C97-BDDA-D7BE792DF1BD}.Release|Any CPU.ActiveCfg = Release|Any CPU
		{1EF9063C-8BF9-4C97-BDDA-D7BE792DF1BD}.Release|Any CPU.Build.0 = Release|Any CPU
	EndGlobalSection
	GlobalSection(SolutionProperties) = preSolution
		HideSolutionNode = FALSE
	EndGlobalSection
	GlobalSection(ExtensibilityGlobals) = postSolution
		SolutionGuid = {13AD08E0-3011-473A-9BD7-883002B4B8A4}
	EndGlobalSection
EndGlobal
